
Microsoft Visual Studio Solution File, Format Version 12.00
# Visual Studio Version 18
VisualStudioVersion = 18.1.11312.151
MinimumVisualStudioVersion = 10.0.40219.1
Project("{FAE04EC0-301F-11D3-BF4B-00C04F79EFBC}") = "ExtraLib", "ExtraLib.csproj", "{BDC6D654-0B14-4055-8448-D789C59F1282}"
EndProject
Global
	GlobalSection(SolutionConfigurationPlatforms) = preSolution
		Debug|Any CPU = Debug|Any CPU
		Release|Any CPU = Release|Any CPU
	EndGlobalSection
	GlobalSection(ProjectConfigurationPlatforms) = postSolution
		{BDC6D654-0B14-4055-8448-D789C59F1282}.Debug|Any CPU.ActiveCfg = Debug|Any CPU
		{BDC6D654-0B14-4055-8448-D789C59F1282}.Debug|Any CPU.Build.0 = Debug|Any CPU
		{BDC6D654-0B14-4055-8448-D789C59F1282}.Release|Any CPU.ActiveCfg = Release|Any CPU
		{BDC6D654-0B14-4055-8448-D789C59F1282}.Release|Any CPU.Build.0 = Release|Any CPU
	EndGlobalSection
	GlobalSection(SolutionProperties) = preSolution
		HideSolutionNode = FALSE
	EndGlobalSection
	GlobalSection(ExtensibilityGlobals) = postSolution
		SolutionGuid = {F876B9BF-50EF-4A31-AE9A-E4BAB0566623}
	EndGlobalSection
EndGlobal
